// !$*UTF8*$!
{
	archiveVersion = 1;
	classes = {
	};
	objectVersion = 46;
	objects = {

/* Begin PBXBuildFile section */
		00C302E51ABCBA2D00DB3ED1 /* libRCTActionSheet.a in Frameworks */ = {isa = PBXBuildFile; fileRef = 00C302AC1ABCB8CE00DB3ED1 /* libRCTActionSheet.a */; };
		00C302E71ABCBA2D00DB3ED1 /* libRCTGeolocation.a in Frameworks */ = {isa = PBXBuildFile; fileRef = 00C302BA1ABCB90400DB3ED1 /* libRCTGeolocation.a */; };
		00C302E81ABCBA2D00DB3ED1 /* libRCTImage.a in Frameworks */ = {isa = PBXBuildFile; fileRef = 00C302C01ABCB91800DB3ED1 /* libRCTImage.a */; };
		00C302E91ABCBA2D00DB3ED1 /* libRCTNetwork.a in Frameworks */ = {isa = PBXBuildFile; fileRef = 00C302DC1ABCB9D200DB3ED1 /* libRCTNetwork.a */; };
		00C302EA1ABCBA2D00DB3ED1 /* libRCTVibration.a in Frameworks */ = {isa = PBXBuildFile; fileRef = 00C302E41ABCB9EE00DB3ED1 /* libRCTVibration.a */; };
		00E356F31AD99517003FC87E /* tripflipAppTests.m in Sources */ = {isa = PBXBuildFile; fileRef = 00E356F21AD99517003FC87E /* tripflipAppTests.m */; };
		05005AF95CB9400398ACF5CF /* Foundation.ttf in Resources */ = {isa = PBXBuildFile; fileRef = 7BF58B9785DF4825A4C128BC /* Foundation.ttf */; };
		133E29F31AD74F7200F7D852 /* libRCTLinking.a in Frameworks */ = {isa = PBXBuildFile; fileRef = 78C398B91ACF4ADC00677621 /* libRCTLinking.a */; };
		139105C61AF99C1200B5F7CC /* libRCTSettings.a in Frameworks */ = {isa = PBXBuildFile; fileRef = 139105C11AF99BAD00B5F7CC /* libRCTSettings.a */; };
		139FDEF61B0652A700C62182 /* libRCTWebSocket.a in Frameworks */ = {isa = PBXBuildFile; fileRef = 139FDEF41B06529B00C62182 /* libRCTWebSocket.a */; };
		13B07FBC1A68108700A75B9A /* AppDelegate.m in Sources */ = {isa = PBXBuildFile; fileRef = 13B07FB01A68108700A75B9A /* AppDelegate.m */; };
		13B07FBD1A68108700A75B9A /* LaunchScreen.xib in Resources */ = {isa = PBXBuildFile; fileRef = 13B07FB11A68108700A75B9A /* LaunchScreen.xib */; };
		13B07FBF1A68108700A75B9A /* Images.xcassets in Resources */ = {isa = PBXBuildFile; fileRef = 13B07FB51A68108700A75B9A /* Images.xcassets */; };
		13B07FC11A68108700A75B9A /* main.m in Sources */ = {isa = PBXBuildFile; fileRef = 13B07FB71A68108700A75B9A /* main.m */; };
		146834051AC3E58100842450 /* libReact.a in Frameworks */ = {isa = PBXBuildFile; fileRef = 146834041AC3E56700842450 /* libReact.a */; };
		14E0F1E195084545B3974271 /* Ionicons.ttf in Resources */ = {isa = PBXBuildFile; fileRef = 0864964497BA4233833CD49B /* Ionicons.ttf */; };
		2F116150488E4EF5A1763288 /* Octicons.ttf in Resources */ = {isa = PBXBuildFile; fileRef = 0479B3CDDD4E4781853DAAB6 /* Octicons.ttf */; };
		523E3EE4265C457CBB272D27 /* libRNVectorIcons.a in Frameworks */ = {isa = PBXBuildFile; fileRef = 39E3BC5F54104E02B296BC88 /* libRNVectorIcons.a */; };
		832341BD1AAA6AB300B99B32 /* libRCTText.a in Frameworks */ = {isa = PBXBuildFile; fileRef = 832341B51AAA6A8300B99B32 /* libRCTText.a */; };
		8668A9378E624EB998618345 /* Zocial.ttf in Resources */ = {isa = PBXBuildFile; fileRef = E764503A0AB444ED8F805173 /* Zocial.ttf */; };
		92BF6EA438CA4DFC96F957D3 /* MaterialIcons.ttf in Resources */ = {isa = PBXBuildFile; fileRef = 3B05DF13669B47118195F2A5 /* MaterialIcons.ttf */; };
		AA5E6A5B082F47008A128453 /* FontAwesome.ttf in Resources */ = {isa = PBXBuildFile; fileRef = DBF47BE165764D13BE27B793 /* FontAwesome.ttf */; };
		B8BD25537702460F953F9FAE /* EvilIcons.ttf in Resources */ = {isa = PBXBuildFile; fileRef = E368EB2A36104594ABA6E53C /* EvilIcons.ttf */; };
		EC4E4FA51C4AE70300AD18B9 /* Entypo.ttf in Resources */ = {isa = PBXBuildFile; fileRef = EC4E4F9D1C4AE70300AD18B9 /* Entypo.ttf */; };
		EC4E4FA61C4AE70300AD18B9 /* EvilIcons.ttf in Resources */ = {isa = PBXBuildFile; fileRef = EC4E4F9E1C4AE70300AD18B9 /* EvilIcons.ttf */; };
		EC4E4FA71C4AE70300AD18B9 /* FontAwesome.ttf in Resources */ = {isa = PBXBuildFile; fileRef = EC4E4F9F1C4AE70300AD18B9 /* FontAwesome.ttf */; };
		EC4E4FA81C4AE70300AD18B9 /* Foundation.ttf in Resources */ = {isa = PBXBuildFile; fileRef = EC4E4FA01C4AE70300AD18B9 /* Foundation.ttf */; };
		EC4E4FA91C4AE70300AD18B9 /* Ionicons.ttf in Resources */ = {isa = PBXBuildFile; fileRef = EC4E4FA11C4AE70300AD18B9 /* Ionicons.ttf */; };
		EC4E4FAA1C4AE70300AD18B9 /* MaterialIcons.ttf in Resources */ = {isa = PBXBuildFile; fileRef = EC4E4FA21C4AE70300AD18B9 /* MaterialIcons.ttf */; };
		EC4E4FAB1C4AE70300AD18B9 /* Octicons.ttf in Resources */ = {isa = PBXBuildFile; fileRef = EC4E4FA31C4AE70300AD18B9 /* Octicons.ttf */; };
		EC4E4FAC1C4AE70300AD18B9 /* Zocial.ttf in Resources */ = {isa = PBXBuildFile; fileRef = EC4E4FA41C4AE70300AD18B9 /* Zocial.ttf */; };
		EC4E500E1C4AEA0A00AD18B9 /* libRNBlur.a in Frameworks */ = {isa = PBXBuildFile; fileRef = EC4E500D1C4AE9EE00AD18B9 /* libRNBlur.a */; };
		EC4E50151C4AEBA600AD18B9 /* libRNGeocoder.a in Frameworks */ = {isa = PBXBuildFile; fileRef = EC4E50141C4AEBA000AD18B9 /* libRNGeocoder.a */; };
		EC8AF0E81C4AF85C00653D86 /* libBVLinearGradient.a in Frameworks */ = {isa = PBXBuildFile; fileRef = EC8AF0DA1C4AF85000653D86 /* libBVLinearGradient.a */; };
		EC8AF0F21C4B0E0100653D86 /* libRCTMapboxGL.a in Frameworks */ = {isa = PBXBuildFile; fileRef = EC8AF0EF1C4B0DE900653D86 /* libRCTMapboxGL.a */; };
		EC8AF0F41C4B0E6500653D86 /* Mapbox.bundle in Resources */ = {isa = PBXBuildFile; fileRef = EC8AF0F31C4B0E6500653D86 /* Mapbox.bundle */; };
		EC8AF0F61C4B0EA200653D86 /* Settings.bundle in Resources */ = {isa = PBXBuildFile; fileRef = EC8AF0F51C4B0EA200653D86 /* Settings.bundle */; };
		EC8AF1001C4B0F2E00653D86 /* CoreTelephony.framework in Frameworks */ = {isa = PBXBuildFile; fileRef = EC8AF0F71C4B0F2E00653D86 /* CoreTelephony.framework */; };
		EC8AF1011C4B0F2E00653D86 /* GLKit.framework in Frameworks */ = {isa = PBXBuildFile; fileRef = EC8AF0F81C4B0F2E00653D86 /* GLKit.framework */; };
		EC8AF1021C4B0F2E00653D86 /* ImageIO.framework in Frameworks */ = {isa = PBXBuildFile; fileRef = EC8AF0F91C4B0F2E00653D86 /* ImageIO.framework */; };
		EC8AF1031C4B0F2E00653D86 /* libc++.tbd in Frameworks */ = {isa = PBXBuildFile; fileRef = EC8AF0FA1C4B0F2E00653D86 /* libc++.tbd */; };
		EC8AF1041C4B0F2E00653D86 /* libsqlite3.tbd in Frameworks */ = {isa = PBXBuildFile; fileRef = EC8AF0FB1C4B0F2E00653D86 /* libsqlite3.tbd */; };
		EC8AF1051C4B0F2E00653D86 /* libz.tbd in Frameworks */ = {isa = PBXBuildFile; fileRef = EC8AF0FC1C4B0F2E00653D86 /* libz.tbd */; };
		EC8AF1061C4B0F2E00653D86 /* MobileCoreServices.framework in Frameworks */ = {isa = PBXBuildFile; fileRef = EC8AF0FD1C4B0F2E00653D86 /* MobileCoreServices.framework */; };
		EC8AF1071C4B0F2E00653D86 /* QuartzCore.framework in Frameworks */ = {isa = PBXBuildFile; fileRef = EC8AF0FE1C4B0F2E00653D86 /* QuartzCore.framework */; };
		EC8AF1081C4B0F2E00653D86 /* SystemConfiguration.framework in Frameworks */ = {isa = PBXBuildFile; fileRef = EC8AF0FF1C4B0F2E00653D86 /* SystemConfiguration.framework */; };
		EC8AF10F1C4B108500653D86 /* libActivityView.a in Frameworks */ = {isa = PBXBuildFile; fileRef = EC8AF10E1C4B106B00653D86 /* libActivityView.a */; };
		EC8AF1161C4B16AC00653D86 /* libRCTAutoComplete.a in Frameworks */ = {isa = PBXBuildFile; fileRef = EC8AF1151C4B168E00653D86 /* libRCTAutoComplete.a */; };
		EC9E409B1C4C36C600A2CFBB /* Comfortaa_Bold.ttf in Resources */ = {isa = PBXBuildFile; fileRef = EC9E40981C4C36C600A2CFBB /* Comfortaa_Bold.ttf */; };
		EC9E409C1C4C36C700A2CFBB /* Comfortaa_Regular.ttf in Resources */ = {isa = PBXBuildFile; fileRef = EC9E40991C4C36C600A2CFBB /* Comfortaa_Regular.ttf */; };
		EC9E409D1C4C36C700A2CFBB /* Comfortaa_Thin.ttf in Resources */ = {isa = PBXBuildFile; fileRef = EC9E409A1C4C36C600A2CFBB /* Comfortaa_Thin.ttf */; };
		ECC074731C555038001B395E /* weather.ttf in Resources */ = {isa = PBXBuildFile; fileRef = ECC074721C555038001B395E /* weather.ttf */; };
		F02301C0584E4AB6A374F41D /* Entypo.ttf in Resources */ = {isa = PBXBuildFile; fileRef = 68654ECF034646C8BB6135D6 /* Entypo.ttf */; };
/* End PBXBuildFile section */

/* Begin PBXContainerItemProxy section */
		00C302AB1ABCB8CE00DB3ED1 /* PBXContainerItemProxy */ = {
			isa = PBXContainerItemProxy;
			containerPortal = 00C302A71ABCB8CE00DB3ED1 /* RCTActionSheet.xcodeproj */;
			proxyType = 2;
			remoteGlobalIDString = 134814201AA4EA6300B7C361;
			remoteInfo = RCTActionSheet;
		};
		00C302B91ABCB90400DB3ED1 /* PBXContainerItemProxy */ = {
			isa = PBXContainerItemProxy;
			containerPortal = 00C302B51ABCB90400DB3ED1 /* RCTGeolocation.xcodeproj */;
			proxyType = 2;
			remoteGlobalIDString = 134814201AA4EA6300B7C361;
			remoteInfo = RCTGeolocation;
		};
		00C302BF1ABCB91800DB3ED1 /* PBXContainerItemProxy */ = {
			isa = PBXContainerItemProxy;
			containerPortal = 00C302BB1ABCB91800DB3ED1 /* RCTImage.xcodeproj */;
			proxyType = 2;
			remoteGlobalIDString = 58B5115D1A9E6B3D00147676;
			remoteInfo = RCTImage;
		};
		00C302DB1ABCB9D200DB3ED1 /* PBXContainerItemProxy */ = {
			isa = PBXContainerItemProxy;
			containerPortal = 00C302D31ABCB9D200DB3ED1 /* RCTNetwork.xcodeproj */;
			proxyType = 2;
			remoteGlobalIDString = 58B511DB1A9E6C8500147676;
			remoteInfo = RCTNetwork;
		};
		00C302E31ABCB9EE00DB3ED1 /* PBXContainerItemProxy */ = {
			isa = PBXContainerItemProxy;
			containerPortal = 00C302DF1ABCB9EE00DB3ED1 /* RCTVibration.xcodeproj */;
			proxyType = 2;
			remoteGlobalIDString = 832C81801AAF6DEF007FA2F7;
			remoteInfo = RCTVibration;
		};
		00E356F41AD99517003FC87E /* PBXContainerItemProxy */ = {
			isa = PBXContainerItemProxy;
			containerPortal = 83CBB9F71A601CBA00E9B192 /* Project object */;
			proxyType = 1;
			remoteGlobalIDString = 13B07F861A680F5B00A75B9A;
			remoteInfo = tripflipApp;
		};
		139105C01AF99BAD00B5F7CC /* PBXContainerItemProxy */ = {
			isa = PBXContainerItemProxy;
			containerPortal = 139105B61AF99BAD00B5F7CC /* RCTSettings.xcodeproj */;
			proxyType = 2;
			remoteGlobalIDString = 134814201AA4EA6300B7C361;
			remoteInfo = RCTSettings;
		};
		139FDEF31B06529B00C62182 /* PBXContainerItemProxy */ = {
			isa = PBXContainerItemProxy;
			containerPortal = 139FDEE61B06529A00C62182 /* RCTWebSocket.xcodeproj */;
			proxyType = 2;
			remoteGlobalIDString = 3C86DF461ADF2C930047B81A;
			remoteInfo = RCTWebSocket;
		};
		146834031AC3E56700842450 /* PBXContainerItemProxy */ = {
			isa = PBXContainerItemProxy;
			containerPortal = 146833FF1AC3E56700842450 /* React.xcodeproj */;
			proxyType = 2;
			remoteGlobalIDString = 83CBBA2E1A601D0E00E9B192;
			remoteInfo = React;
		};
		78C398B81ACF4ADC00677621 /* PBXContainerItemProxy */ = {
			isa = PBXContainerItemProxy;
			containerPortal = 78C398B01ACF4ADC00677621 /* RCTLinking.xcodeproj */;
			proxyType = 2;
			remoteGlobalIDString = 134814201AA4EA6300B7C361;
			remoteInfo = RCTLinking;
		};
		832341B41AAA6A8300B99B32 /* PBXContainerItemProxy */ = {
			isa = PBXContainerItemProxy;
			containerPortal = 832341B01AAA6A8300B99B32 /* RCTText.xcodeproj */;
			proxyType = 2;
			remoteGlobalIDString = 58B5119B1A9E6C1200147676;
			remoteInfo = RCTText;
		};
		EC4E4F9A1C4AE68000AD18B9 /* PBXContainerItemProxy */ = {
			isa = PBXContainerItemProxy;
			containerPortal = 73A7E5F36F8249B1A2F1804E /* RNVectorIcons.xcodeproj */;
			proxyType = 2;
			remoteGlobalIDString = 5DBEB1501B18CEA900B34395;
			remoteInfo = RNVectorIcons;
		};
		EC4E500C1C4AE9EE00AD18B9 /* PBXContainerItemProxy */ = {
			isa = PBXContainerItemProxy;
			containerPortal = EC4E50081C4AE9EE00AD18B9 /* RNBlur.xcodeproj */;
			proxyType = 2;
			remoteGlobalIDString = A68BD7BC1BC31318005F02DF;
			remoteInfo = RNBlur;
		};
		EC4E50131C4AEBA000AD18B9 /* PBXContainerItemProxy */ = {
			isa = PBXContainerItemProxy;
			containerPortal = EC4E500F1C4AEB9F00AD18B9 /* RNGeocoder.xcodeproj */;
			proxyType = 2;
			remoteGlobalIDString = BF8FCF941BFFB184000FCD37;
			remoteInfo = RNGeocoder;
		};
		EC8AF0D91C4AF85000653D86 /* PBXContainerItemProxy */ = {
			isa = PBXContainerItemProxy;
			containerPortal = EC8AF0D51C4AF84F00653D86 /* BVLinearGradient.xcodeproj */;
			proxyType = 2;
			remoteGlobalIDString = 134814201AA4EA6300B7C361;
			remoteInfo = BVLinearGradient;
		};
		EC8AF0EE1C4B0DE900653D86 /* PBXContainerItemProxy */ = {
			isa = PBXContainerItemProxy;
			containerPortal = EC8AF0E91C4B0DE800653D86 /* RCTMapboxGL.xcodeproj */;
			proxyType = 2;
			remoteGlobalIDString = C5DBB3401AF2EF2B00E611A9;
			remoteInfo = RCTMapboxGL;
		};
		EC8AF0F01C4B0DE900653D86 /* PBXContainerItemProxy */ = {
			isa = PBXContainerItemProxy;
			containerPortal = EC8AF0E91C4B0DE800653D86 /* RCTMapboxGL.xcodeproj */;
			proxyType = 2;
			remoteGlobalIDString = C5DBB34B1AF2EF2B00E611A9;
			remoteInfo = RCTMapboxGLTests;
		};
		EC8AF10D1C4B106B00653D86 /* PBXContainerItemProxy */ = {
			isa = PBXContainerItemProxy;
			containerPortal = EC8AF1091C4B106B00653D86 /* ActivityView.xcodeproj */;
			proxyType = 2;
			remoteGlobalIDString = 134814201AA4EA6300B7C361;
			remoteInfo = ActivityView;
		};
		EC8AF1141C4B168E00653D86 /* PBXContainerItemProxy */ = {
			isa = PBXContainerItemProxy;
			containerPortal = EC8AF1101C4B168D00653D86 /* RCTAutoComplete.xcodeproj */;
			proxyType = 2;
			remoteGlobalIDString = 134814201AA4EA6300B7C361;
			remoteInfo = RCTAutoComplete;
		};
/* End PBXContainerItemProxy section */

/* Begin PBXFileReference section */
		008F07F21AC5B25A0029DE68 /* main.jsbundle */ = {isa = PBXFileReference; fileEncoding = 4; lastKnownFileType = text; path = main.jsbundle; sourceTree = "<group>"; };
		00C302A71ABCB8CE00DB3ED1 /* RCTActionSheet.xcodeproj */ = {isa = PBXFileReference; lastKnownFileType = "wrapper.pb-project"; name = RCTActionSheet.xcodeproj; path = "../node_modules/react-native/Libraries/ActionSheetIOS/RCTActionSheet.xcodeproj"; sourceTree = "<group>"; };
		00C302B51ABCB90400DB3ED1 /* RCTGeolocation.xcodeproj */ = {isa = PBXFileReference; lastKnownFileType = "wrapper.pb-project"; name = RCTGeolocation.xcodeproj; path = "../node_modules/react-native/Libraries/Geolocation/RCTGeolocation.xcodeproj"; sourceTree = "<group>"; };
		00C302BB1ABCB91800DB3ED1 /* RCTImage.xcodeproj */ = {isa = PBXFileReference; lastKnownFileType = "wrapper.pb-project"; name = RCTImage.xcodeproj; path = "../node_modules/react-native/Libraries/Image/RCTImage.xcodeproj"; sourceTree = "<group>"; };
		00C302D31ABCB9D200DB3ED1 /* RCTNetwork.xcodeproj */ = {isa = PBXFileReference; lastKnownFileType = "wrapper.pb-project"; name = RCTNetwork.xcodeproj; path = "../node_modules/react-native/Libraries/Network/RCTNetwork.xcodeproj"; sourceTree = "<group>"; };
		00C302DF1ABCB9EE00DB3ED1 /* RCTVibration.xcodeproj */ = {isa = PBXFileReference; lastKnownFileType = "wrapper.pb-project"; name = RCTVibration.xcodeproj; path = "../node_modules/react-native/Libraries/Vibration/RCTVibration.xcodeproj"; sourceTree = "<group>"; };
		00E356EE1AD99517003FC87E /* tripflipAppTests.xctest */ = {isa = PBXFileReference; explicitFileType = wrapper.cfbundle; includeInIndex = 0; path = tripflipAppTests.xctest; sourceTree = BUILT_PRODUCTS_DIR; };
		00E356F11AD99517003FC87E /* Info.plist */ = {isa = PBXFileReference; lastKnownFileType = text.plist.xml; path = Info.plist; sourceTree = "<group>"; };
		00E356F21AD99517003FC87E /* tripflipAppTests.m */ = {isa = PBXFileReference; lastKnownFileType = sourcecode.c.objc; path = tripflipAppTests.m; sourceTree = "<group>"; };
		0479B3CDDD4E4781853DAAB6 /* Octicons.ttf */ = {isa = PBXFileReference; explicitFileType = undefined; fileEncoding = 0; includeInIndex = 0; lastKnownFileType = unknown; name = Octicons.ttf; path = "../node_modules/react-native-vector-icons/Fonts/Octicons.ttf"; sourceTree = "<group>"; };
		0864964497BA4233833CD49B /* Ionicons.ttf */ = {isa = PBXFileReference; explicitFileType = undefined; fileEncoding = 0; includeInIndex = 0; lastKnownFileType = unknown; name = Ionicons.ttf; path = "../node_modules/react-native-vector-icons/Fonts/Ionicons.ttf"; sourceTree = "<group>"; };
		139105B61AF99BAD00B5F7CC /* RCTSettings.xcodeproj */ = {isa = PBXFileReference; lastKnownFileType = "wrapper.pb-project"; name = RCTSettings.xcodeproj; path = "../node_modules/react-native/Libraries/Settings/RCTSettings.xcodeproj"; sourceTree = "<group>"; };
		139FDEE61B06529A00C62182 /* RCTWebSocket.xcodeproj */ = {isa = PBXFileReference; lastKnownFileType = "wrapper.pb-project"; name = RCTWebSocket.xcodeproj; path = "../node_modules/react-native/Libraries/WebSocket/RCTWebSocket.xcodeproj"; sourceTree = "<group>"; };
		13B07F961A680F5B00A75B9A /* tripflipApp.app */ = {isa = PBXFileReference; explicitFileType = wrapper.application; includeInIndex = 0; path = tripflipApp.app; sourceTree = BUILT_PRODUCTS_DIR; };
		13B07FAF1A68108700A75B9A /* AppDelegate.h */ = {isa = PBXFileReference; fileEncoding = 4; lastKnownFileType = sourcecode.c.h; name = AppDelegate.h; path = tripflipApp/AppDelegate.h; sourceTree = "<group>"; };
		13B07FB01A68108700A75B9A /* AppDelegate.m */ = {isa = PBXFileReference; fileEncoding = 4; lastKnownFileType = sourcecode.c.objc; name = AppDelegate.m; path = tripflipApp/AppDelegate.m; sourceTree = "<group>"; };
		13B07FB21A68108700A75B9A /* Base */ = {isa = PBXFileReference; lastKnownFileType = file.xib; name = Base; path = Base.lproj/LaunchScreen.xib; sourceTree = "<group>"; };
		13B07FB51A68108700A75B9A /* Images.xcassets */ = {isa = PBXFileReference; lastKnownFileType = folder.assetcatalog; name = Images.xcassets; path = tripflipApp/Images.xcassets; sourceTree = "<group>"; };
		13B07FB61A68108700A75B9A /* Info.plist */ = {isa = PBXFileReference; fileEncoding = 4; lastKnownFileType = text.plist.xml; name = Info.plist; path = tripflipApp/Info.plist; sourceTree = "<group>"; };
		13B07FB71A68108700A75B9A /* main.m */ = {isa = PBXFileReference; fileEncoding = 4; lastKnownFileType = sourcecode.c.objc; name = main.m; path = tripflipApp/main.m; sourceTree = "<group>"; };
		146833FF1AC3E56700842450 /* React.xcodeproj */ = {isa = PBXFileReference; lastKnownFileType = "wrapper.pb-project"; name = React.xcodeproj; path = "../node_modules/react-native/React/React.xcodeproj"; sourceTree = "<group>"; };
		39E3BC5F54104E02B296BC88 /* libRNVectorIcons.a */ = {isa = PBXFileReference; explicitFileType = undefined; fileEncoding = 0; includeInIndex = 0; lastKnownFileType = archive.ar; path = libRNVectorIcons.a; sourceTree = "<group>"; };
		3B05DF13669B47118195F2A5 /* MaterialIcons.ttf */ = {isa = PBXFileReference; explicitFileType = undefined; fileEncoding = 0; includeInIndex = 0; lastKnownFileType = unknown; name = MaterialIcons.ttf; path = "../node_modules/react-native-vector-icons/Fonts/MaterialIcons.ttf"; sourceTree = "<group>"; };
		68654ECF034646C8BB6135D6 /* Entypo.ttf */ = {isa = PBXFileReference; explicitFileType = undefined; fileEncoding = 0; includeInIndex = 0; lastKnownFileType = unknown; name = Entypo.ttf; path = "../node_modules/react-native-vector-icons/Fonts/Entypo.ttf"; sourceTree = "<group>"; };
		73A7E5F36F8249B1A2F1804E /* RNVectorIcons.xcodeproj */ = {isa = PBXFileReference; explicitFileType = undefined; fileEncoding = 0; includeInIndex = 0; lastKnownFileType = "wrapper.pb-project"; name = RNVectorIcons.xcodeproj; path = "../node_modules/react-native-vector-icons/RNVectorIcons.xcodeproj"; sourceTree = "<group>"; };
		78C398B01ACF4ADC00677621 /* RCTLinking.xcodeproj */ = {isa = PBXFileReference; lastKnownFileType = "wrapper.pb-project"; name = RCTLinking.xcodeproj; path = "../node_modules/react-native/Libraries/LinkingIOS/RCTLinking.xcodeproj"; sourceTree = "<group>"; };
		7BF58B9785DF4825A4C128BC /* Foundation.ttf */ = {isa = PBXFileReference; explicitFileType = undefined; fileEncoding = 0; includeInIndex = 0; lastKnownFileType = unknown; name = Foundation.ttf; path = "../node_modules/react-native-vector-icons/Fonts/Foundation.ttf"; sourceTree = "<group>"; };
		832341B01AAA6A8300B99B32 /* RCTText.xcodeproj */ = {isa = PBXFileReference; lastKnownFileType = "wrapper.pb-project"; name = RCTText.xcodeproj; path = "../node_modules/react-native/Libraries/Text/RCTText.xcodeproj"; sourceTree = "<group>"; };
		DBF47BE165764D13BE27B793 /* FontAwesome.ttf */ = {isa = PBXFileReference; explicitFileType = undefined; fileEncoding = 0; includeInIndex = 0; lastKnownFileType = unknown; name = FontAwesome.ttf; path = "../node_modules/react-native-vector-icons/Fonts/FontAwesome.ttf"; sourceTree = "<group>"; };
		E368EB2A36104594ABA6E53C /* EvilIcons.ttf */ = {isa = PBXFileReference; explicitFileType = undefined; fileEncoding = 0; includeInIndex = 0; lastKnownFileType = unknown; name = EvilIcons.ttf; path = "../node_modules/react-native-vector-icons/Fonts/EvilIcons.ttf"; sourceTree = "<group>"; };
		E764503A0AB444ED8F805173 /* Zocial.ttf */ = {isa = PBXFileReference; explicitFileType = undefined; fileEncoding = 0; includeInIndex = 0; lastKnownFileType = unknown; name = Zocial.ttf; path = "../node_modules/react-native-vector-icons/Fonts/Zocial.ttf"; sourceTree = "<group>"; };
		EC4E4F9D1C4AE70300AD18B9 /* Entypo.ttf */ = {isa = PBXFileReference; lastKnownFileType = file; path = Entypo.ttf; sourceTree = "<group>"; };
		EC4E4F9E1C4AE70300AD18B9 /* EvilIcons.ttf */ = {isa = PBXFileReference; lastKnownFileType = file; path = EvilIcons.ttf; sourceTree = "<group>"; };
		EC4E4F9F1C4AE70300AD18B9 /* FontAwesome.ttf */ = {isa = PBXFileReference; lastKnownFileType = file; path = FontAwesome.ttf; sourceTree = "<group>"; };
		EC4E4FA01C4AE70300AD18B9 /* Foundation.ttf */ = {isa = PBXFileReference; lastKnownFileType = file; path = Foundation.ttf; sourceTree = "<group>"; };
		EC4E4FA11C4AE70300AD18B9 /* Ionicons.ttf */ = {isa = PBXFileReference; lastKnownFileType = file; path = Ionicons.ttf; sourceTree = "<group>"; };
		EC4E4FA21C4AE70300AD18B9 /* MaterialIcons.ttf */ = {isa = PBXFileReference; lastKnownFileType = file; path = MaterialIcons.ttf; sourceTree = "<group>"; };
		EC4E4FA31C4AE70300AD18B9 /* Octicons.ttf */ = {isa = PBXFileReference; lastKnownFileType = file; path = Octicons.ttf; sourceTree = "<group>"; };
		EC4E4FA41C4AE70300AD18B9 /* Zocial.ttf */ = {isa = PBXFileReference; lastKnownFileType = file; path = Zocial.ttf; sourceTree = "<group>"; };
		EC4E50081C4AE9EE00AD18B9 /* RNBlur.xcodeproj */ = {isa = PBXFileReference; lastKnownFileType = "wrapper.pb-project"; name = RNBlur.xcodeproj; path = "../node_modules/react-native-blur/ios/RNBlur.xcodeproj"; sourceTree = "<group>"; };
		EC4E500F1C4AEB9F00AD18B9 /* RNGeocoder.xcodeproj */ = {isa = PBXFileReference; lastKnownFileType = "wrapper.pb-project"; name = RNGeocoder.xcodeproj; path = "../node_modules/react-native-geocoder/RNGeocoder.xcodeproj"; sourceTree = "<group>"; };
		EC8AF0D51C4AF84F00653D86 /* BVLinearGradient.xcodeproj */ = {isa = PBXFileReference; lastKnownFileType = "wrapper.pb-project"; name = BVLinearGradient.xcodeproj; path = "../node_modules/react-native-linear-gradient/BVLinearGradient.xcodeproj"; sourceTree = "<group>"; };
		EC8AF0E91C4B0DE800653D86 /* RCTMapboxGL.xcodeproj */ = {isa = PBXFileReference; lastKnownFileType = "wrapper.pb-project"; name = RCTMapboxGL.xcodeproj; path = "../node_modules/react-native-mapbox-gl/ios/RCTMapboxGL.xcodeproj"; sourceTree = "<group>"; };
		EC8AF0F31C4B0E6500653D86 /* Mapbox.bundle */ = {isa = PBXFileReference; lastKnownFileType = "wrapper.plug-in"; name = Mapbox.bundle; path = "../node_modules/react-native-mapbox-gl/ios/RCTMapboxGL/Mapbox.bundle"; sourceTree = "<group>"; };
		EC8AF0F51C4B0EA200653D86 /* Settings.bundle */ = {isa = PBXFileReference; lastKnownFileType = "wrapper.plug-in"; name = Settings.bundle; path = "../node_modules/react-native-mapbox-gl/ios/RCTMapboxGL/Settings.bundle"; sourceTree = "<group>"; };
		EC8AF0F71C4B0F2E00653D86 /* CoreTelephony.framework */ = {isa = PBXFileReference; lastKnownFileType = wrapper.framework; name = CoreTelephony.framework; path = System/Library/Frameworks/CoreTelephony.framework; sourceTree = SDKROOT; };
		EC8AF0F81C4B0F2E00653D86 /* GLKit.framework */ = {isa = PBXFileReference; lastKnownFileType = wrapper.framework; name = GLKit.framework; path = System/Library/Frameworks/GLKit.framework; sourceTree = SDKROOT; };
		EC8AF0F91C4B0F2E00653D86 /* ImageIO.framework */ = {isa = PBXFileReference; lastKnownFileType = wrapper.framework; name = ImageIO.framework; path = System/Library/Frameworks/ImageIO.framework; sourceTree = SDKROOT; };
		EC8AF0FA1C4B0F2E00653D86 /* libc++.tbd */ = {isa = PBXFileReference; lastKnownFileType = "sourcecode.text-based-dylib-definition"; name = "libc++.tbd"; path = "usr/lib/libc++.tbd"; sourceTree = SDKROOT; };
		EC8AF0FB1C4B0F2E00653D86 /* libsqlite3.tbd */ = {isa = PBXFileReference; lastKnownFileType = "sourcecode.text-based-dylib-definition"; name = libsqlite3.tbd; path = usr/lib/libsqlite3.tbd; sourceTree = SDKROOT; };
		EC8AF0FC1C4B0F2E00653D86 /* libz.tbd */ = {isa = PBXFileReference; lastKnownFileType = "sourcecode.text-based-dylib-definition"; name = libz.tbd; path = usr/lib/libz.tbd; sourceTree = SDKROOT; };
		EC8AF0FD1C4B0F2E00653D86 /* MobileCoreServices.framework */ = {isa = PBXFileReference; lastKnownFileType = wrapper.framework; name = MobileCoreServices.framework; path = System/Library/Frameworks/MobileCoreServices.framework; sourceTree = SDKROOT; };
		EC8AF0FE1C4B0F2E00653D86 /* QuartzCore.framework */ = {isa = PBXFileReference; lastKnownFileType = wrapper.framework; name = QuartzCore.framework; path = System/Library/Frameworks/QuartzCore.framework; sourceTree = SDKROOT; };
		EC8AF0FF1C4B0F2E00653D86 /* SystemConfiguration.framework */ = {isa = PBXFileReference; lastKnownFileType = wrapper.framework; name = SystemConfiguration.framework; path = System/Library/Frameworks/SystemConfiguration.framework; sourceTree = SDKROOT; };
		EC8AF1091C4B106B00653D86 /* ActivityView.xcodeproj */ = {isa = PBXFileReference; lastKnownFileType = "wrapper.pb-project"; name = ActivityView.xcodeproj; path = "../node_modules/react-native-activity-view/ActivityView.xcodeproj"; sourceTree = "<group>"; };
		EC8AF1101C4B168D00653D86 /* RCTAutoComplete.xcodeproj */ = {isa = PBXFileReference; lastKnownFileType = "wrapper.pb-project"; name = RCTAutoComplete.xcodeproj; path = "../node_modules/react-native-autocomplete/RCTAutoComplete.xcodeproj"; sourceTree = "<group>"; };
		EC9E40981C4C36C600A2CFBB /* Comfortaa_Bold.ttf */ = {isa = PBXFileReference; lastKnownFileType = file; name = Comfortaa_Bold.ttf; path = Fonts/Comfortaa_Bold.ttf; sourceTree = "<group>"; };
		EC9E40991C4C36C600A2CFBB /* Comfortaa_Regular.ttf */ = {isa = PBXFileReference; lastKnownFileType = file; name = Comfortaa_Regular.ttf; path = Fonts/Comfortaa_Regular.ttf; sourceTree = "<group>"; };
		EC9E409A1C4C36C600A2CFBB /* Comfortaa_Thin.ttf */ = {isa = PBXFileReference; lastKnownFileType = file; name = Comfortaa_Thin.ttf; path = Fonts/Comfortaa_Thin.ttf; sourceTree = "<group>"; };
		ECC074721C555038001B395E /* weather.ttf */ = {isa = PBXFileReference; lastKnownFileType = file; name = weather.ttf; path = App/Fonts/fontello/font/weather.ttf; sourceTree = "<group>"; };
/* End PBXFileReference section */

/* Begin PBXFrameworksBuildPhase section */
		00E356EB1AD99517003FC87E /* Frameworks */ = {
			isa = PBXFrameworksBuildPhase;
			buildActionMask = 2147483647;
			files = (
			);
			runOnlyForDeploymentPostprocessing = 0;
		};
		13B07F8C1A680F5B00A75B9A /* Frameworks */ = {
			isa = PBXFrameworksBuildPhase;
			buildActionMask = 2147483647;
			files = (
				EC8AF1161C4B16AC00653D86 /* libRCTAutoComplete.a in Frameworks */,
				EC8AF10F1C4B108500653D86 /* libActivityView.a in Frameworks */,
				EC8AF1001C4B0F2E00653D86 /* CoreTelephony.framework in Frameworks */,
				EC8AF1011C4B0F2E00653D86 /* GLKit.framework in Frameworks */,
				EC8AF1021C4B0F2E00653D86 /* ImageIO.framework in Frameworks */,
				EC8AF1031C4B0F2E00653D86 /* libc++.tbd in Frameworks */,
				EC8AF1041C4B0F2E00653D86 /* libsqlite3.tbd in Frameworks */,
				EC8AF1051C4B0F2E00653D86 /* libz.tbd in Frameworks */,
				EC8AF1061C4B0F2E00653D86 /* MobileCoreServices.framework in Frameworks */,
				EC8AF1071C4B0F2E00653D86 /* QuartzCore.framework in Frameworks */,
				EC8AF1081C4B0F2E00653D86 /* SystemConfiguration.framework in Frameworks */,
				EC8AF0F21C4B0E0100653D86 /* libRCTMapboxGL.a in Frameworks */,
				EC8AF0E81C4AF85C00653D86 /* libBVLinearGradient.a in Frameworks */,
				EC4E50151C4AEBA600AD18B9 /* libRNGeocoder.a in Frameworks */,
				EC4E500E1C4AEA0A00AD18B9 /* libRNBlur.a in Frameworks */,
				146834051AC3E58100842450 /* libReact.a in Frameworks */,
				00C302E51ABCBA2D00DB3ED1 /* libRCTActionSheet.a in Frameworks */,
				00C302E71ABCBA2D00DB3ED1 /* libRCTGeolocation.a in Frameworks */,
				00C302E81ABCBA2D00DB3ED1 /* libRCTImage.a in Frameworks */,
				133E29F31AD74F7200F7D852 /* libRCTLinking.a in Frameworks */,
				00C302E91ABCBA2D00DB3ED1 /* libRCTNetwork.a in Frameworks */,
				139105C61AF99C1200B5F7CC /* libRCTSettings.a in Frameworks */,
				832341BD1AAA6AB300B99B32 /* libRCTText.a in Frameworks */,
				00C302EA1ABCBA2D00DB3ED1 /* libRCTVibration.a in Frameworks */,
				139FDEF61B0652A700C62182 /* libRCTWebSocket.a in Frameworks */,
				523E3EE4265C457CBB272D27 /* libRNVectorIcons.a in Frameworks */,
			);
			runOnlyForDeploymentPostprocessing = 0;
		};
/* End PBXFrameworksBuildPhase section */

/* Begin PBXGroup section */
		00C302A81ABCB8CE00DB3ED1 /* Products */ = {
			isa = PBXGroup;
			children = (
				00C302AC1ABCB8CE00DB3ED1 /* libRCTActionSheet.a */,
			);
			name = Products;
			sourceTree = "<group>";
		};
		00C302B61ABCB90400DB3ED1 /* Products */ = {
			isa = PBXGroup;
			children = (
				00C302BA1ABCB90400DB3ED1 /* libRCTGeolocation.a */,
			);
			name = Products;
			sourceTree = "<group>";
		};
		00C302BC1ABCB91800DB3ED1 /* Products */ = {
			isa = PBXGroup;
			children = (
				00C302C01ABCB91800DB3ED1 /* libRCTImage.a */,
			);
			name = Products;
			sourceTree = "<group>";
		};
		00C302D41ABCB9D200DB3ED1 /* Products */ = {
			isa = PBXGroup;
			children = (
				00C302DC1ABCB9D200DB3ED1 /* libRCTNetwork.a */,
			);
			name = Products;
			sourceTree = "<group>";
		};
		00C302E01ABCB9EE00DB3ED1 /* Products */ = {
			isa = PBXGroup;
			children = (
				00C302E41ABCB9EE00DB3ED1 /* libRCTVibration.a */,
			);
			name = Products;
			sourceTree = "<group>";
		};
		00E356EF1AD99517003FC87E /* tripflipAppTests */ = {
			isa = PBXGroup;
			children = (
				00E356F21AD99517003FC87E /* tripflipAppTests.m */,
				00E356F01AD99517003FC87E /* Supporting Files */,
			);
			path = tripflipAppTests;
			sourceTree = "<group>";
		};
		00E356F01AD99517003FC87E /* Supporting Files */ = {
			isa = PBXGroup;
			children = (
				00E356F11AD99517003FC87E /* Info.plist */,
			);
			name = "Supporting Files";
			sourceTree = "<group>";
		};
		139105B71AF99BAD00B5F7CC /* Products */ = {
			isa = PBXGroup;
			children = (
				139105C11AF99BAD00B5F7CC /* libRCTSettings.a */,
			);
			name = Products;
			sourceTree = "<group>";
		};
		139FDEE71B06529A00C62182 /* Products */ = {
			isa = PBXGroup;
			children = (
				139FDEF41B06529B00C62182 /* libRCTWebSocket.a */,
			);
			name = Products;
			sourceTree = "<group>";
		};
		13B07FAE1A68108700A75B9A /* tripflipApp */ = {
			isa = PBXGroup;
			children = (
				008F07F21AC5B25A0029DE68 /* main.jsbundle */,
				13B07FAF1A68108700A75B9A /* AppDelegate.h */,
				13B07FB01A68108700A75B9A /* AppDelegate.m */,
				13B07FB51A68108700A75B9A /* Images.xcassets */,
				13B07FB61A68108700A75B9A /* Info.plist */,
				13B07FB11A68108700A75B9A /* LaunchScreen.xib */,
				13B07FB71A68108700A75B9A /* main.m */,
			);
			name = tripflipApp;
			sourceTree = "<group>";
		};
		146834001AC3E56700842450 /* Products */ = {
			isa = PBXGroup;
			children = (
				146834041AC3E56700842450 /* libReact.a */,
			);
			name = Products;
			sourceTree = "<group>";
		};
		78C398B11ACF4ADC00677621 /* Products */ = {
			isa = PBXGroup;
			children = (
				78C398B91ACF4ADC00677621 /* libRCTLinking.a */,
			);
			name = Products;
			sourceTree = "<group>";
		};
		832341AE1AAA6A7D00B99B32 /* Libraries */ = {
			isa = PBXGroup;
			children = (
				EC8AF1101C4B168D00653D86 /* RCTAutoComplete.xcodeproj */,
				EC8AF1091C4B106B00653D86 /* ActivityView.xcodeproj */,
				EC8AF0E91C4B0DE800653D86 /* RCTMapboxGL.xcodeproj */,
				EC8AF0D51C4AF84F00653D86 /* BVLinearGradient.xcodeproj */,
				EC4E500F1C4AEB9F00AD18B9 /* RNGeocoder.xcodeproj */,
				EC4E50081C4AE9EE00AD18B9 /* RNBlur.xcodeproj */,
				146833FF1AC3E56700842450 /* React.xcodeproj */,
				00C302A71ABCB8CE00DB3ED1 /* RCTActionSheet.xcodeproj */,
				00C302B51ABCB90400DB3ED1 /* RCTGeolocation.xcodeproj */,
				00C302BB1ABCB91800DB3ED1 /* RCTImage.xcodeproj */,
				78C398B01ACF4ADC00677621 /* RCTLinking.xcodeproj */,
				00C302D31ABCB9D200DB3ED1 /* RCTNetwork.xcodeproj */,
				139105B61AF99BAD00B5F7CC /* RCTSettings.xcodeproj */,
				832341B01AAA6A8300B99B32 /* RCTText.xcodeproj */,
				00C302DF1ABCB9EE00DB3ED1 /* RCTVibration.xcodeproj */,
				139FDEE61B06529A00C62182 /* RCTWebSocket.xcodeproj */,
				73A7E5F36F8249B1A2F1804E /* RNVectorIcons.xcodeproj */,
			);
			name = Libraries;
			sourceTree = "<group>";
		};
		832341B11AAA6A8300B99B32 /* Products */ = {
			isa = PBXGroup;
			children = (
				832341B51AAA6A8300B99B32 /* libRCTText.a */,
			);
			name = Products;
			sourceTree = "<group>";
		};
		83CBB9F61A601CBA00E9B192 = {
			isa = PBXGroup;
			children = (
				ECC074721C555038001B395E /* weather.ttf */,
				EC9E40981C4C36C600A2CFBB /* Comfortaa_Bold.ttf */,
				EC9E40991C4C36C600A2CFBB /* Comfortaa_Regular.ttf */,
				EC9E409A1C4C36C600A2CFBB /* Comfortaa_Thin.ttf */,
				EC8AF0F71C4B0F2E00653D86 /* CoreTelephony.framework */,
				EC8AF0F81C4B0F2E00653D86 /* GLKit.framework */,
				EC8AF0F91C4B0F2E00653D86 /* ImageIO.framework */,
				EC8AF0FA1C4B0F2E00653D86 /* libc++.tbd */,
				EC8AF0FB1C4B0F2E00653D86 /* libsqlite3.tbd */,
				EC8AF0FC1C4B0F2E00653D86 /* libz.tbd */,
				EC8AF0FD1C4B0F2E00653D86 /* MobileCoreServices.framework */,
				EC8AF0FE1C4B0F2E00653D86 /* QuartzCore.framework */,
				EC8AF0FF1C4B0F2E00653D86 /* SystemConfiguration.framework */,
				EC8AF0F51C4B0EA200653D86 /* Settings.bundle */,
				EC8AF0F31C4B0E6500653D86 /* Mapbox.bundle */,
				EC4E4F9C1C4AE70300AD18B9 /* Fonts */,
				13B07FAE1A68108700A75B9A /* tripflipApp */,
				832341AE1AAA6A7D00B99B32 /* Libraries */,
				00E356EF1AD99517003FC87E /* tripflipAppTests */,
				83CBBA001A601CBA00E9B192 /* Products */,
				D5C062D6DD4A48DB837BD83F /* Resources */,
			);
			indentWidth = 2;
			sourceTree = "<group>";
			tabWidth = 2;
		};
		83CBBA001A601CBA00E9B192 /* Products */ = {
			isa = PBXGroup;
			children = (
				13B07F961A680F5B00A75B9A /* tripflipApp.app */,
				00E356EE1AD99517003FC87E /* tripflipAppTests.xctest */,
			);
			name = Products;
			sourceTree = "<group>";
		};
		D5C062D6DD4A48DB837BD83F /* Resources */ = {
			isa = PBXGroup;
			children = (
				68654ECF034646C8BB6135D6 /* Entypo.ttf */,
				E368EB2A36104594ABA6E53C /* EvilIcons.ttf */,
				DBF47BE165764D13BE27B793 /* FontAwesome.ttf */,
				7BF58B9785DF4825A4C128BC /* Foundation.ttf */,
				0864964497BA4233833CD49B /* Ionicons.ttf */,
				3B05DF13669B47118195F2A5 /* MaterialIcons.ttf */,
				0479B3CDDD4E4781853DAAB6 /* Octicons.ttf */,
				E764503A0AB444ED8F805173 /* Zocial.ttf */,
			);
			name = Resources;
			sourceTree = "<group>";
		};
		EC4E4F8D1C4AE68000AD18B9 /* Products */ = {
			isa = PBXGroup;
			children = (
				EC4E4F9B1C4AE68000AD18B9 /* libRNVectorIcons.a */,
			);
			name = Products;
			sourceTree = "<group>";
		};
		EC4E4F9C1C4AE70300AD18B9 /* Fonts */ = {
			isa = PBXGroup;
			children = (
				EC4E4F9D1C4AE70300AD18B9 /* Entypo.ttf */,
				EC4E4F9E1C4AE70300AD18B9 /* EvilIcons.ttf */,
				EC4E4F9F1C4AE70300AD18B9 /* FontAwesome.ttf */,
				EC4E4FA01C4AE70300AD18B9 /* Foundation.ttf */,
				EC4E4FA11C4AE70300AD18B9 /* Ionicons.ttf */,
				EC4E4FA21C4AE70300AD18B9 /* MaterialIcons.ttf */,
				EC4E4FA31C4AE70300AD18B9 /* Octicons.ttf */,
				EC4E4FA41C4AE70300AD18B9 /* Zocial.ttf */,
			);
			path = Fonts;
			sourceTree = "<group>";
		};
		EC4E50091C4AE9EE00AD18B9 /* Products */ = {
			isa = PBXGroup;
			children = (
				EC4E500D1C4AE9EE00AD18B9 /* libRNBlur.a */,
			);
			name = Products;
			sourceTree = "<group>";
		};
		EC4E50101C4AEB9F00AD18B9 /* Products */ = {
			isa = PBXGroup;
			children = (
				EC4E50141C4AEBA000AD18B9 /* libRNGeocoder.a */,
			);
			name = Products;
			sourceTree = "<group>";
		};
		EC8AF0D61C4AF84F00653D86 /* Products */ = {
			isa = PBXGroup;
			children = (
				EC8AF0DA1C4AF85000653D86 /* libBVLinearGradient.a */,
			);
			name = Products;
			sourceTree = "<group>";
		};
		EC8AF0EA1C4B0DE800653D86 /* Products */ = {
			isa = PBXGroup;
			children = (
				EC8AF0EF1C4B0DE900653D86 /* libRCTMapboxGL.a */,
				EC8AF0F11C4B0DE900653D86 /* RCTMapboxGLTests.xctest */,
			);
			name = Products;
			sourceTree = "<group>";
		};
		EC8AF10A1C4B106B00653D86 /* Products */ = {
			isa = PBXGroup;
			children = (
				EC8AF10E1C4B106B00653D86 /* libActivityView.a */,
			);
			name = Products;
			sourceTree = "<group>";
		};
		EC8AF1111C4B168D00653D86 /* Products */ = {
			isa = PBXGroup;
			children = (
				EC8AF1151C4B168E00653D86 /* libRCTAutoComplete.a */,
			);
			name = Products;
			sourceTree = "<group>";
		};
/* End PBXGroup section */

/* Begin PBXNativeTarget section */
		00E356ED1AD99517003FC87E /* tripflipAppTests */ = {
			isa = PBXNativeTarget;
			buildConfigurationList = 00E357021AD99517003FC87E /* Build configuration list for PBXNativeTarget "tripflipAppTests" */;
			buildPhases = (
				00E356EA1AD99517003FC87E /* Sources */,
				00E356EB1AD99517003FC87E /* Frameworks */,
				00E356EC1AD99517003FC87E /* Resources */,
			);
			buildRules = (
			);
			dependencies = (
				00E356F51AD99517003FC87E /* PBXTargetDependency */,
			);
			name = tripflipAppTests;
			productName = tripflipAppTests;
			productReference = 00E356EE1AD99517003FC87E /* tripflipAppTests.xctest */;
			productType = "com.apple.product-type.bundle.unit-test";
		};
		13B07F861A680F5B00A75B9A /* tripflipApp */ = {
			isa = PBXNativeTarget;
			buildConfigurationList = 13B07F931A680F5B00A75B9A /* Build configuration list for PBXNativeTarget "tripflipApp" */;
			buildPhases = (
				13B07F871A680F5B00A75B9A /* Sources */,
				13B07F8C1A680F5B00A75B9A /* Frameworks */,
				13B07F8E1A680F5B00A75B9A /* Resources */,
				00DD1BFF1BD5951E006B06BC /* Bundle React Native code and images */,
			);
			buildRules = (
			);
			dependencies = (
			);
			name = tripflipApp;
			productName = "Hello World";
			productReference = 13B07F961A680F5B00A75B9A /* tripflipApp.app */;
			productType = "com.apple.product-type.application";
		};
/* End PBXNativeTarget section */

/* Begin PBXProject section */
		83CBB9F71A601CBA00E9B192 /* Project object */ = {
			isa = PBXProject;
			attributes = {
				LastUpgradeCheck = 610;
				ORGANIZATIONNAME = Facebook;
				TargetAttributes = {
					00E356ED1AD99517003FC87E = {
						CreatedOnToolsVersion = 6.2;
						TestTargetID = 13B07F861A680F5B00A75B9A;
					};
				};
			};
			buildConfigurationList = 83CBB9FA1A601CBA00E9B192 /* Build configuration list for PBXProject "tripflipApp" */;
			compatibilityVersion = "Xcode 3.2";
			developmentRegion = English;
			hasScannedForEncodings = 0;
			knownRegions = (
				en,
				Base,
			);
			mainGroup = 83CBB9F61A601CBA00E9B192;
			productRefGroup = 83CBBA001A601CBA00E9B192 /* Products */;
			projectDirPath = "";
			projectReferences = (
				{
					ProductGroup = EC8AF10A1C4B106B00653D86 /* Products */;
					ProjectRef = EC8AF1091C4B106B00653D86 /* ActivityView.xcodeproj */;
				},
				{
					ProductGroup = EC8AF0D61C4AF84F00653D86 /* Products */;
					ProjectRef = EC8AF0D51C4AF84F00653D86 /* BVLinearGradient.xcodeproj */;
				},
				{
					ProductGroup = 00C302A81ABCB8CE00DB3ED1 /* Products */;
					ProjectRef = 00C302A71ABCB8CE00DB3ED1 /* RCTActionSheet.xcodeproj */;
				},
				{
					ProductGroup = EC8AF1111C4B168D00653D86 /* Products */;
					ProjectRef = EC8AF1101C4B168D00653D86 /* RCTAutoComplete.xcodeproj */;
				},
				{
					ProductGroup = 00C302B61ABCB90400DB3ED1 /* Products */;
					ProjectRef = 00C302B51ABCB90400DB3ED1 /* RCTGeolocation.xcodeproj */;
				},
				{
					ProductGroup = 00C302BC1ABCB91800DB3ED1 /* Products */;
					ProjectRef = 00C302BB1ABCB91800DB3ED1 /* RCTImage.xcodeproj */;
				},
				{
					ProductGroup = 78C398B11ACF4ADC00677621 /* Products */;
					ProjectRef = 78C398B01ACF4ADC00677621 /* RCTLinking.xcodeproj */;
				},
				{
					ProductGroup = EC8AF0EA1C4B0DE800653D86 /* Products */;
					ProjectRef = EC8AF0E91C4B0DE800653D86 /* RCTMapboxGL.xcodeproj */;
				},
				{
					ProductGroup = 00C302D41ABCB9D200DB3ED1 /* Products */;
					ProjectRef = 00C302D31ABCB9D200DB3ED1 /* RCTNetwork.xcodeproj */;
				},
				{
					ProductGroup = 139105B71AF99BAD00B5F7CC /* Products */;
					ProjectRef = 139105B61AF99BAD00B5F7CC /* RCTSettings.xcodeproj */;
				},
				{
					ProductGroup = 832341B11AAA6A8300B99B32 /* Products */;
					ProjectRef = 832341B01AAA6A8300B99B32 /* RCTText.xcodeproj */;
				},
				{
					ProductGroup = 00C302E01ABCB9EE00DB3ED1 /* Products */;
					ProjectRef = 00C302DF1ABCB9EE00DB3ED1 /* RCTVibration.xcodeproj */;
				},
				{
					ProductGroup = 139FDEE71B06529A00C62182 /* Products */;
					ProjectRef = 139FDEE61B06529A00C62182 /* RCTWebSocket.xcodeproj */;
				},
				{
					ProductGroup = 146834001AC3E56700842450 /* Products */;
					ProjectRef = 146833FF1AC3E56700842450 /* React.xcodeproj */;
				},
				{
					ProductGroup = EC4E50091C4AE9EE00AD18B9 /* Products */;
					ProjectRef = EC4E50081C4AE9EE00AD18B9 /* RNBlur.xcodeproj */;
				},
				{
					ProductGroup = EC4E50101C4AEB9F00AD18B9 /* Products */;
					ProjectRef = EC4E500F1C4AEB9F00AD18B9 /* RNGeocoder.xcodeproj */;
				},
				{
					ProductGroup = EC4E4F8D1C4AE68000AD18B9 /* Products */;
					ProjectRef = 73A7E5F36F8249B1A2F1804E /* RNVectorIcons.xcodeproj */;
				},
			);
			projectRoot = "";
			targets = (
				13B07F861A680F5B00A75B9A /* tripflipApp */,
				00E356ED1AD99517003FC87E /* tripflipAppTests */,
			);
		};
/* End PBXProject section */

/* Begin PBXReferenceProxy section */
		00C302AC1ABCB8CE00DB3ED1 /* libRCTActionSheet.a */ = {
			isa = PBXReferenceProxy;
			fileType = archive.ar;
			path = libRCTActionSheet.a;
			remoteRef = 00C302AB1ABCB8CE00DB3ED1 /* PBXContainerItemProxy */;
			sourceTree = BUILT_PRODUCTS_DIR;
		};
		00C302BA1ABCB90400DB3ED1 /* libRCTGeolocation.a */ = {
			isa = PBXReferenceProxy;
			fileType = archive.ar;
			path = libRCTGeolocation.a;
			remoteRef = 00C302B91ABCB90400DB3ED1 /* PBXContainerItemProxy */;
			sourceTree = BUILT_PRODUCTS_DIR;
		};
		00C302C01ABCB91800DB3ED1 /* libRCTImage.a */ = {
			isa = PBXReferenceProxy;
			fileType = archive.ar;
			path = libRCTImage.a;
			remoteRef = 00C302BF1ABCB91800DB3ED1 /* PBXContainerItemProxy */;
			sourceTree = BUILT_PRODUCTS_DIR;
		};
		00C302DC1ABCB9D200DB3ED1 /* libRCTNetwork.a */ = {
			isa = PBXReferenceProxy;
			fileType = archive.ar;
			path = libRCTNetwork.a;
			remoteRef = 00C302DB1ABCB9D200DB3ED1 /* PBXContainerItemProxy */;
			sourceTree = BUILT_PRODUCTS_DIR;
		};
		00C302E41ABCB9EE00DB3ED1 /* libRCTVibration.a */ = {
			isa = PBXReferenceProxy;
			fileType = archive.ar;
			path = libRCTVibration.a;
			remoteRef = 00C302E31ABCB9EE00DB3ED1 /* PBXContainerItemProxy */;
			sourceTree = BUILT_PRODUCTS_DIR;
		};
		139105C11AF99BAD00B5F7CC /* libRCTSettings.a */ = {
			isa = PBXReferenceProxy;
			fileType = archive.ar;
			path = libRCTSettings.a;
			remoteRef = 139105C01AF99BAD00B5F7CC /* PBXContainerItemProxy */;
			sourceTree = BUILT_PRODUCTS_DIR;
		};
		139FDEF41B06529B00C62182 /* libRCTWebSocket.a */ = {
			isa = PBXReferenceProxy;
			fileType = archive.ar;
			path = libRCTWebSocket.a;
			remoteRef = 139FDEF31B06529B00C62182 /* PBXContainerItemProxy */;
			sourceTree = BUILT_PRODUCTS_DIR;
		};
		146834041AC3E56700842450 /* libReact.a */ = {
			isa = PBXReferenceProxy;
			fileType = archive.ar;
			path = libReact.a;
			remoteRef = 146834031AC3E56700842450 /* PBXContainerItemProxy */;
			sourceTree = BUILT_PRODUCTS_DIR;
		};
		78C398B91ACF4ADC00677621 /* libRCTLinking.a */ = {
			isa = PBXReferenceProxy;
			fileType = archive.ar;
			path = libRCTLinking.a;
			remoteRef = 78C398B81ACF4ADC00677621 /* PBXContainerItemProxy */;
			sourceTree = BUILT_PRODUCTS_DIR;
		};
		832341B51AAA6A8300B99B32 /* libRCTText.a */ = {
			isa = PBXReferenceProxy;
			fileType = archive.ar;
			path = libRCTText.a;
			remoteRef = 832341B41AAA6A8300B99B32 /* PBXContainerItemProxy */;
			sourceTree = BUILT_PRODUCTS_DIR;
		};
		EC4E4F9B1C4AE68000AD18B9 /* libRNVectorIcons.a */ = {
			isa = PBXReferenceProxy;
			fileType = archive.ar;
			path = libRNVectorIcons.a;
			remoteRef = EC4E4F9A1C4AE68000AD18B9 /* PBXContainerItemProxy */;
			sourceTree = BUILT_PRODUCTS_DIR;
		};
		EC4E500D1C4AE9EE00AD18B9 /* libRNBlur.a */ = {
			isa = PBXReferenceProxy;
			fileType = archive.ar;
			path = libRNBlur.a;
			remoteRef = EC4E500C1C4AE9EE00AD18B9 /* PBXContainerItemProxy */;
			sourceTree = BUILT_PRODUCTS_DIR;
		};
		EC4E50141C4AEBA000AD18B9 /* libRNGeocoder.a */ = {
			isa = PBXReferenceProxy;
			fileType = archive.ar;
			path = libRNGeocoder.a;
			remoteRef = EC4E50131C4AEBA000AD18B9 /* PBXContainerItemProxy */;
			sourceTree = BUILT_PRODUCTS_DIR;
		};
		EC8AF0DA1C4AF85000653D86 /* libBVLinearGradient.a */ = {
			isa = PBXReferenceProxy;
			fileType = archive.ar;
			path = libBVLinearGradient.a;
			remoteRef = EC8AF0D91C4AF85000653D86 /* PBXContainerItemProxy */;
			sourceTree = BUILT_PRODUCTS_DIR;
		};
		EC8AF0EF1C4B0DE900653D86 /* libRCTMapboxGL.a */ = {
			isa = PBXReferenceProxy;
			fileType = archive.ar;
			path = libRCTMapboxGL.a;
			remoteRef = EC8AF0EE1C4B0DE900653D86 /* PBXContainerItemProxy */;
			sourceTree = BUILT_PRODUCTS_DIR;
		};
		EC8AF0F11C4B0DE900653D86 /* RCTMapboxGLTests.xctest */ = {
			isa = PBXReferenceProxy;
			fileType = wrapper.cfbundle;
			path = RCTMapboxGLTests.xctest;
			remoteRef = EC8AF0F01C4B0DE900653D86 /* PBXContainerItemProxy */;
			sourceTree = BUILT_PRODUCTS_DIR;
		};
		EC8AF10E1C4B106B00653D86 /* libActivityView.a */ = {
			isa = PBXReferenceProxy;
			fileType = archive.ar;
			path = libActivityView.a;
			remoteRef = EC8AF10D1C4B106B00653D86 /* PBXContainerItemProxy */;
			sourceTree = BUILT_PRODUCTS_DIR;
		};
		EC8AF1151C4B168E00653D86 /* libRCTAutoComplete.a */ = {
			isa = PBXReferenceProxy;
			fileType = archive.ar;
			path = libRCTAutoComplete.a;
			remoteRef = EC8AF1141C4B168E00653D86 /* PBXContainerItemProxy */;
			sourceTree = BUILT_PRODUCTS_DIR;
		};
/* End PBXReferenceProxy section */

/* Begin PBXResourcesBuildPhase section */
		00E356EC1AD99517003FC87E /* Resources */ = {
			isa = PBXResourcesBuildPhase;
			buildActionMask = 2147483647;
			files = (
			);
			runOnlyForDeploymentPostprocessing = 0;
		};
		13B07F8E1A680F5B00A75B9A /* Resources */ = {
			isa = PBXResourcesBuildPhase;
			buildActionMask = 2147483647;
			files = (
				EC8AF0F61C4B0EA200653D86 /* Settings.bundle in Resources */,
				EC8AF0F41C4B0E6500653D86 /* Mapbox.bundle in Resources */,
				13B07FBF1A68108700A75B9A /* Images.xcassets in Resources */,
				EC4E4FA81C4AE70300AD18B9 /* Foundation.ttf in Resources */,
				EC4E4FA71C4AE70300AD18B9 /* FontAwesome.ttf in Resources */,
				EC4E4FA61C4AE70300AD18B9 /* EvilIcons.ttf in Resources */,
				EC4E4FAC1C4AE70300AD18B9 /* Zocial.ttf in Resources */,
				ECC074731C555038001B395E /* weather.ttf in Resources */,
				EC4E4FA51C4AE70300AD18B9 /* Entypo.ttf in Resources */,
				EC4E4FAB1C4AE70300AD18B9 /* Octicons.ttf in Resources */,
				EC4E4FA91C4AE70300AD18B9 /* Ionicons.ttf in Resources */,
				13B07FBD1A68108700A75B9A /* LaunchScreen.xib in Resources */,
				F02301C0584E4AB6A374F41D /* Entypo.ttf in Resources */,
				EC4E4FAA1C4AE70300AD18B9 /* MaterialIcons.ttf in Resources */,
				B8BD25537702460F953F9FAE /* EvilIcons.ttf in Resources */,
				EC9E409D1C4C36C700A2CFBB /* Comfortaa_Thin.ttf in Resources */,
				AA5E6A5B082F47008A128453 /* FontAwesome.ttf in Resources */,
				05005AF95CB9400398ACF5CF /* Foundation.ttf in Resources */,
				EC9E409B1C4C36C600A2CFBB /* Comfortaa_Bold.ttf in Resources */,
				14E0F1E195084545B3974271 /* Ionicons.ttf in Resources */,
				EC9E409C1C4C36C700A2CFBB /* Comfortaa_Regular.ttf in Resources */,
				92BF6EA438CA4DFC96F957D3 /* MaterialIcons.ttf in Resources */,
				2F116150488E4EF5A1763288 /* Octicons.ttf in Resources */,
				8668A9378E624EB998618345 /* Zocial.ttf in Resources */,
			);
			runOnlyForDeploymentPostprocessing = 0;
		};
/* End PBXResourcesBuildPhase section */

/* Begin PBXShellScriptBuildPhase section */
		00DD1BFF1BD5951E006B06BC /* Bundle React Native code and images */ = {
			isa = PBXShellScriptBuildPhase;
			buildActionMask = 2147483647;
			files = (
			);
			inputPaths = (
			);
			name = "Bundle React Native code and images";
			outputPaths = (
			);
			runOnlyForDeploymentPostprocessing = 0;
			shellPath = /bin/sh;
			shellScript = "../node_modules/react-native/packager/react-native-xcode.sh";
		};
/* End PBXShellScriptBuildPhase section */

/* Begin PBXSourcesBuildPhase section */
		00E356EA1AD99517003FC87E /* Sources */ = {
			isa = PBXSourcesBuildPhase;
			buildActionMask = 2147483647;
			files = (
				00E356F31AD99517003FC87E /* tripflipAppTests.m in Sources */,
			);
			runOnlyForDeploymentPostprocessing = 0;
		};
		13B07F871A680F5B00A75B9A /* Sources */ = {
			isa = PBXSourcesBuildPhase;
			buildActionMask = 2147483647;
			files = (
				13B07FBC1A68108700A75B9A /* AppDelegate.m in Sources */,
				13B07FC11A68108700A75B9A /* main.m in Sources */,
			);
			runOnlyForDeploymentPostprocessing = 0;
		};
/* End PBXSourcesBuildPhase section */

/* Begin PBXTargetDependency section */
		00E356F51AD99517003FC87E /* PBXTargetDependency */ = {
			isa = PBXTargetDependency;
			target = 13B07F861A680F5B00A75B9A /* tripflipApp */;
			targetProxy = 00E356F41AD99517003FC87E /* PBXContainerItemProxy */;
		};
/* End PBXTargetDependency section */

/* Begin PBXVariantGroup section */
		13B07FB11A68108700A75B9A /* LaunchScreen.xib */ = {
			isa = PBXVariantGroup;
			children = (
				13B07FB21A68108700A75B9A /* Base */,
			);
			name = LaunchScreen.xib;
			path = tripflipApp;
			sourceTree = "<group>";
		};
/* End PBXVariantGroup section */

/* Begin XCBuildConfiguration section */
		00E356F61AD99517003FC87E /* Debug */ = {
			isa = XCBuildConfiguration;
			buildSettings = {
				BUNDLE_LOADER = "$(TEST_HOST)";
				FRAMEWORK_SEARCH_PATHS = (
					"$(SDKROOT)/Developer/Library/Frameworks",
					"$(inherited)",
				);
				GCC_PREPROCESSOR_DEFINITIONS = (
					"DEBUG=1",
					"$(inherited)",
				);
				INFOPLIST_FILE = tripflipAppTests/Info.plist;
				IPHONEOS_DEPLOYMENT_TARGET = 8.2;
				LD_RUNPATH_SEARCH_PATHS = "$(inherited) @executable_path/Frameworks @loader_path/Frameworks";
				LIBRARY_SEARCH_PATHS = (
					"$(inherited)",
					"\"$(SRCROOT)/$(TARGET_NAME)\"",
				);
				PRODUCT_NAME = "$(TARGET_NAME)";
				TEST_HOST = "$(BUILT_PRODUCTS_DIR)/tripflipApp.app/tripflipApp";
			};
			name = Debug;
		};
		00E356F71AD99517003FC87E /* Release */ = {
			isa = XCBuildConfiguration;
			buildSettings = {
				BUNDLE_LOADER = "$(TEST_HOST)";
				COPY_PHASE_STRIP = NO;
				FRAMEWORK_SEARCH_PATHS = (
					"$(SDKROOT)/Developer/Library/Frameworks",
					"$(inherited)",
				);
				INFOPLIST_FILE = tripflipAppTests/Info.plist;
				IPHONEOS_DEPLOYMENT_TARGET = 8.2;
				LD_RUNPATH_SEARCH_PATHS = "$(inherited) @executable_path/Frameworks @loader_path/Frameworks";
				LIBRARY_SEARCH_PATHS = (
					"$(inherited)",
					"\"$(SRCROOT)/$(TARGET_NAME)\"",
				);
				PRODUCT_NAME = "$(TARGET_NAME)";
				TEST_HOST = "$(BUILT_PRODUCTS_DIR)/tripflipApp.app/tripflipApp";
			};
			name = Release;
		};
		13B07F941A680F5B00A75B9A /* Debug */ = {
			isa = XCBuildConfiguration;
			buildSettings = {
				ASSETCATALOG_COMPILER_APPICON_NAME = AppIcon;
				DEAD_CODE_STRIPPING = NO;
				HEADER_SEARCH_PATHS = (
					"$(inherited)",
					/Applications/Xcode.app/Contents/Developer/Toolchains/XcodeDefault.xctoolchain/usr/include,
					"$(SRCROOT)/../node_modules/react-native/React/**",
					"$(SRCROOT)/../node_modules/react-native-vector-icons/RNVectorIconsManager",
				);
				INFOPLIST_FILE = tripflipApp/Info.plist;
				LD_RUNPATH_SEARCH_PATHS = "$(inherited) @executable_path/Frameworks";
				OTHER_LDFLAGS = "-ObjC";
				PRODUCT_NAME = tripflipApp;
			};
			name = Debug;
		};
		13B07F951A680F5B00A75B9A /* Release */ = {
			isa = XCBuildConfiguration;
			buildSettings = {
				ASSETCATALOG_COMPILER_APPICON_NAME = AppIcon;
				HEADER_SEARCH_PATHS = (
					"$(inherited)",
					/Applications/Xcode.app/Contents/Developer/Toolchains/XcodeDefault.xctoolchain/usr/include,
					"$(SRCROOT)/../node_modules/react-native/React/**",
					"$(SRCROOT)/../node_modules/react-native-vector-icons/RNVectorIconsManager",
				);
				INFOPLIST_FILE = tripflipApp/Info.plist;
				LD_RUNPATH_SEARCH_PATHS = "$(inherited) @executable_path/Frameworks";
				OTHER_LDFLAGS = "-ObjC";
				PRODUCT_NAME = tripflipApp;
			};
			name = Release;
		};
		83CBBA201A601CBA00E9B192 /* Debug */ = {
			isa = XCBuildConfiguration;
			buildSettings = {
				ALWAYS_SEARCH_USER_PATHS = NO;
				CLANG_CXX_LANGUAGE_STANDARD = "gnu++0x";
				CLANG_CXX_LIBRARY = "libc++";
				CLANG_ENABLE_MODULES = YES;
				CLANG_ENABLE_OBJC_ARC = YES;
				CLANG_WARN_BOOL_CONVERSION = YES;
				CLANG_WARN_CONSTANT_CONVERSION = YES;
				CLANG_WARN_DIRECT_OBJC_ISA_USAGE = YES_ERROR;
				CLANG_WARN_EMPTY_BODY = YES;
				CLANG_WARN_ENUM_CONVERSION = YES;
				CLANG_WARN_INT_CONVERSION = YES;
				CLANG_WARN_OBJC_ROOT_CLASS = YES_ERROR;
				CLANG_WARN_UNREACHABLE_CODE = YES;
				CLANG_WARN__DUPLICATE_METHOD_MATCH = YES;
				"CODE_SIGN_IDENTITY[sdk=iphoneos*]" = "iPhone Developer";
				COPY_PHASE_STRIP = NO;
				ENABLE_STRICT_OBJC_MSGSEND = YES;
				GCC_C_LANGUAGE_STANDARD = gnu99;
				GCC_DYNAMIC_NO_PIC = NO;
				GCC_OPTIMIZATION_LEVEL = 0;
				GCC_PREPROCESSOR_DEFINITIONS = (
					"DEBUG=1",
					"$(inherited)",
				);
				GCC_SYMBOLS_PRIVATE_EXTERN = NO;
				GCC_WARN_64_TO_32_BIT_CONVERSION = YES;
				GCC_WARN_ABOUT_RETURN_TYPE = YES_ERROR;
				GCC_WARN_UNDECLARED_SELECTOR = YES;
				GCC_WARN_UNINITIALIZED_AUTOS = YES_AGGRESSIVE;
				GCC_WARN_UNUSED_FUNCTION = YES;
				GCC_WARN_UNUSED_VARIABLE = YES;
				HEADER_SEARCH_PATHS = (
					"$(inherited)",
					/Applications/Xcode.app/Contents/Developer/Toolchains/XcodeDefault.xctoolchain/usr/include,
					"$(SRCROOT)/../node_modules/react-native/React/**",
					"$(SRCROOT)/../node_modules/react-native-vector-icons/RNVectorIconsManager",
				);
				IPHONEOS_DEPLOYMENT_TARGET = 7.0;
				MTL_ENABLE_DEBUG_INFO = YES;
				ONLY_ACTIVE_ARCH = YES;
				SDKROOT = iphoneos;
			};
			name = Debug;
		};
		83CBBA211A601CBA00E9B192 /* Release */ = {
			isa = XCBuildConfiguration;
			buildSettings = {
				ALWAYS_SEARCH_USER_PATHS = NO;
				CLANG_CXX_LANGUAGE_STANDARD = "gnu++0x";
				CLANG_CXX_LIBRARY = "libc++";
				CLANG_ENABLE_MODULES = YES;
				CLANG_ENABLE_OBJC_ARC = YES;
				CLANG_WARN_BOOL_CONVERSION = YES;
				CLANG_WARN_CONSTANT_CONVERSION = YES;
				CLANG_WARN_DIRECT_OBJC_ISA_USAGE = YES_ERROR;
				CLANG_WARN_EMPTY_BODY = YES;
				CLANG_WARN_ENUM_CONVERSION = YES;
				CLANG_WARN_INT_CONVERSION = YES;
				CLANG_WARN_OBJC_ROOT_CLASS = YES_ERROR;
				CLANG_WARN_UNREACHABLE_CODE = YES;
				CLANG_WARN__DUPLICATE_METHOD_MATCH = YES;
				"CODE_SIGN_IDENTITY[sdk=iphoneos*]" = "iPhone Developer";
				COPY_PHASE_STRIP = YES;
				ENABLE_NS_ASSERTIONS = NO;
				ENABLE_STRICT_OBJC_MSGSEND = YES;
				GCC_C_LANGUAGE_STANDARD = gnu99;
				GCC_WARN_64_TO_32_BIT_CONVERSION = YES;
				GCC_WARN_ABOUT_RETURN_TYPE = YES_ERROR;
				GCC_WARN_UNDECLARED_SELECTOR = YES;
				GCC_WARN_UNINITIALIZED_AUTOS = YES_AGGRESSIVE;
				GCC_WARN_UNUSED_FUNCTION = YES;
				GCC_WARN_UNUSED_VARIABLE = YES;
				HEADER_SEARCH_PATHS = (
					"$(inherited)",
					/Applications/Xcode.app/Contents/Developer/Toolchains/XcodeDefault.xctoolchain/usr/include,
					"$(SRCROOT)/../node_modules/react-native/React/**",
					"$(SRCROOT)/../node_modules/react-native-vector-icons/RNVectorIconsManager",
				);
				IPHONEOS_DEPLOYMENT_TARGET = 7.0;
				MTL_ENABLE_DEBUG_INFO = NO;
				SDKROOT = iphoneos;
				VALIDATE_PRODUCT = YES;
			};
			name = Release;
		};
/* End XCBuildConfiguration section */

/* Begin XCConfigurationList section */
		00E357021AD99517003FC87E /* Build configuration list for PBXNativeTarget "tripflipAppTests" */ = {
			isa = XCConfigurationList;
			buildConfigurations = (
				00E356F61AD99517003FC87E /* Debug */,
				00E356F71AD99517003FC87E /* Release */,
			);
			defaultConfigurationIsVisible = 0;
			defaultConfigurationName = Release;
		};
		13B07F931A680F5B00A75B9A /* Build configuration list for PBXNativeTarget "tripflipApp" */ = {
			isa = XCConfigurationList;
			buildConfigurations = (
				13B07F941A680F5B00A75B9A /* Debug */,
				13B07F951A680F5B00A75B9A /* Release */,
			);
			defaultConfigurationIsVisible = 0;
			defaultConfigurationName = Release;
		};
		83CBB9FA1A601CBA00E9B192 /* Build configuration list for PBXProject "tripflipApp" */ = {
			isa = XCConfigurationList;
			buildConfigurations = (
				83CBBA201A601CBA00E9B192 /* Debug */,
				83CBBA211A601CBA00E9B192 /* Release */,
			);
			defaultConfigurationIsVisible = 0;
			defaultConfigurationName = Release;
		};
/* End XCConfigurationList section */
	};
	rootObject = 83CBB9F71A601CBA00E9B192 /* Project object */;
}
